// !$*UTF8*$!
{
	archiveVersion = 1;
	classes = {
	};
	objectVersion = 55;
	objects = {

/* Begin PBXBuildFile section */
		5C2BCE5327FC6A97003C646E /* nekuroApp.swift in Sources */ = {isa = PBXBuildFile; fileRef = 5C2BCE5227FC6A97003C646E /* nekuroApp.swift */; };
		5C2BCE5527FC6A97003C646E /* ContentView.swift in Sources */ = {isa = PBXBuildFile; fileRef = 5C2BCE5427FC6A97003C646E /* ContentView.swift */; };
		5C2BCE5727FC6A9A003C646E /* Assets.xcassets in Resources */ = {isa = PBXBuildFile; fileRef = 5C2BCE5627FC6A9A003C646E /* Assets.xcassets */; };
		5C2BCE5A27FC6A9A003C646E /* Preview Assets.xcassets in Resources */ = {isa = PBXBuildFile; fileRef = 5C2BCE5927FC6A9A003C646E /* Preview Assets.xcassets */; };
		5C2BCE6427FC6A9A003C646E /* nekuroTests.swift in Sources */ = {isa = PBXBuildFile; fileRef = 5C2BCE6327FC6A9A003C646E /* nekuroTests.swift */; };
		5C2BCE6E27FC6A9A003C646E /* nekuroUITests.swift in Sources */ = {isa = PBXBuildFile; fileRef = 5C2BCE6D27FC6A9A003C646E /* nekuroUITests.swift */; };
		5C2BCE7027FC6A9A003C646E /* nekuroUITestsLaunchTests.swift in Sources */ = {isa = PBXBuildFile; fileRef = 5C2BCE6F27FC6A9A003C646E /* nekuroUITestsLaunchTests.swift */; };
/* End PBXBuildFile section */

/* Begin PBXContainerItemProxy section */
		5C2BCE6027FC6A9A003C646E /* PBXContainerItemProxy */ = {
			isa = PBXContainerItemProxy;
			containerPortal = 5C2BCE4727FC6A97003C646E /* Project object */;
			proxyType = 1;
			remoteGlobalIDString = 5C2BCE4E27FC6A97003C646E;
			remoteInfo = nekuro;
		};
		5C2BCE6A27FC6A9A003C646E /* PBXContainerItemProxy */ = {
			isa = PBXContainerItemProxy;
			containerPortal = 5C2BCE4727FC6A97003C646E /* Project object */;
			proxyType = 1;
			remoteGlobalIDString = 5C2BCE4E27FC6A97003C646E;
			remoteInfo = nekuro;
		};
/* End PBXContainerItemProxy section */

/* Begin PBXFileReference section */
		5C2BCE4F27FC6A97003C646E /* nekuro.app */ = {isa = PBXFileReference; explicitFileType = wrapper.application; includeInIndex = 0; path = nekuro.app; sourceTree = BUILT_PRODUCTS_DIR; };
		5C2BCE5227FC6A97003C646E /* nekuroApp.swift */ = {isa = PBXFileReference; lastKnownFileType = sourcecode.swift; path = nekuroApp.swift; sourceTree = "<group>"; };
		5C2BCE5427FC6A97003C646E /* ContentView.swift */ = {isa = PBXFileReference; lastKnownFileType = sourcecode.swift; path = ContentView.swift; sourceTree = "<group>"; };
		5C2BCE5627FC6A9A003C646E /* Assets.xcassets */ = {isa = PBXFileReference; lastKnownFileType = folder.assetcatalog; path = Assets.xcassets; sourceTree = "<group>"; };
		5C2BCE5927FC6A9A003C646E /* Preview Assets.xcassets */ = {isa = PBXFileReference; lastKnownFileType = folder.assetcatalog; path = "Preview Assets.xcassets"; sourceTree = "<group>"; };
		5C2BCE5F27FC6A9A003C646E /* nekuroTests.xctest */ = {isa = PBXFileReference; explicitFileType = wrapper.cfbundle; includeInIndex = 0; path = nekuroTests.xctest; sourceTree = BUILT_PRODUCTS_DIR; };
		5C2BCE6327FC6A9A003C646E /* nekuroTests.swift */ = {isa = PBXFileReference; lastKnownFileType = sourcecode.swift; path = nekuroTests.swift; sourceTree = "<group>"; };
		5C2BCE6927FC6A9A003C646E /* nekuroUITests.xctest */ = {isa = PBXFileReference; explicitFileType = wrapper.cfbundle; includeInIndex = 0; path = nekuroUITests.xctest; sourceTree = BUILT_PRODUCTS_DIR; };
		5C2BCE6D27FC6A9A003C646E /* nekuroUITests.swift */ = {isa = PBXFileReference; lastKnownFileType = sourcecode.swift; path = nekuroUITests.swift; sourceTree = "<group>"; };
		5C2BCE6F27FC6A9A003C646E /* nekuroUITestsLaunchTests.swift */ = {isa = PBXFileReference; lastKnownFileType = sourcecode.swift; path = nekuroUITestsLaunchTests.swift; sourceTree = "<group>"; };
/* End PBXFileReference section */

/* Begin PBXFrameworksBuildPhase section */
		5C2BCE4C27FC6A97003C646E /* Frameworks */ = {
			isa = PBXFrameworksBuildPhase;
			buildActionMask = 2147483647;
			files = (
			);
			runOnlyForDeploymentPostprocessing = 0;
		};
		5C2BCE5C27FC6A9A003C646E /* Frameworks */ = {
			isa = PBXFrameworksBuildPhase;
			buildActionMask = 2147483647;
			files = (
			);
			runOnlyForDeploymentPostprocessing = 0;
		};
		5C2BCE6627FC6A9A003C646E /* Frameworks */ = {
			isa = PBXFrameworksBuildPhase;
			buildActionMask = 2147483647;
			files = (
			);
			runOnlyForDeploymentPostprocessing = 0;
		};
/* End PBXFrameworksBuildPhase section */

/* Begin PBXGroup section */
		5C2BCE4627FC6A97003C646E = {
			isa = PBXGroup;
			children = (
				5C2BCE5127FC6A97003C646E /* nekuro */,
				5C2BCE6227FC6A9A003C646E /* nekuroTests */,
				5C2BCE6C27FC6A9A003C646E /* nekuroUITests */,
				5C2BCE5027FC6A97003C646E /* Products */,
			);
			sourceTree = "<group>";
		};
		5C2BCE5027FC6A97003C646E /* Products */ = {
			isa = PBXGroup;
			children = (
				5C2BCE4F27FC6A97003C646E /* nekuro.app */,
				5C2BCE5F27FC6A9A003C646E /* nekuroTests.xctest */,
				5C2BCE6927FC6A9A003C646E /* nekuroUITests.xctest */,
			);
			name = Products;
			sourceTree = "<group>";
		};
		5C2BCE5127FC6A97003C646E /* nekuro */ = {
			isa = PBXGroup;
			children = (
				5C2BCE5227FC6A97003C646E /* nekuroApp.swift */,
				5C2BCE5427FC6A97003C646E /* ContentView.swift */,
				5C2BCE5627FC6A9A003C646E /* Assets.xcassets */,
				5C2BCE5827FC6A9A003C646E /* Preview Content */,
			);
			path = nekuro;
			sourceTree = "<group>";
		};
		5C2BCE5827FC6A9A003C646E /* Preview Content */ = {
			isa = PBXGroup;
			children = (
				5C2BCE5927FC6A9A003C646E /* Preview Assets.xcassets */,
			);
			path = "Preview Content";
			sourceTree = "<group>";
		};
		5C2BCE6227FC6A9A003C646E /* nekuroTests */ = {
			isa = PBXGroup;
			children = (
				5C2BCE6327FC6A9A003C646E /* nekuroTests.swift */,
			);
			path = nekuroTests;
			sourceTree = "<group>";
		};
		5C2BCE6C27FC6A9A003C646E /* nekuroUITests */ = {
			isa = PBXGroup;
			children = (
				5C2BCE6D27FC6A9A003C646E /* nekuroUITests.swift */,
				5C2BCE6F27FC6A9A003C646E /* nekuroUITestsLaunchTests.swift */,
			);
			path = nekuroUITests;
			sourceTree = "<group>";
		};
/* End PBXGroup section */

/* Begin PBXNativeTarget section */
		5C2BCE4E27FC6A97003C646E /* nekuro */ = {
			isa = PBXNativeTarget;
			buildConfigurationList = 5C2BCE7327FC6A9A003C646E /* Build configuration list for PBXNativeTarget "nekuro" */;
			buildPhases = (
				5C2BCE4B27FC6A97003C646E /* Sources */,
				5C2BCE4C27FC6A97003C646E /* Frameworks */,
				5C2BCE4D27FC6A97003C646E /* Resources */,
			);
			buildRules = (
			);
			dependencies = (
			);
			name = nekuro;
			productName = nekuro;
			productReference = 5C2BCE4F27FC6A97003C646E /* nekuro.app */;
			productType = "com.apple.product-type.application";
		};
		5C2BCE5E27FC6A9A003C646E /* nekuroTests */ = {
			isa = PBXNativeTarget;
			buildConfigurationList = 5C2BCE7627FC6A9A003C646E /* Build configuration list for PBXNativeTarget "nekuroTests" */;
			buildPhases = (
				5C2BCE5B27FC6A9A003C646E /* Sources */,
				5C2BCE5C27FC6A9A003C646E /* Frameworks */,
				5C2BCE5D27FC6A9A003C646E /* Resources */,
			);
			buildRules = (
			);
			dependencies = (
				5C2BCE6127FC6A9A003C646E /* PBXTargetDependency */,
			);
			name = nekuroTests;
			productName = nekuroTests;
			productReference = 5C2BCE5F27FC6A9A003C646E /* nekuroTests.xctest */;
			productType = "com.apple.product-type.bundle.unit-test";
		};
		5C2BCE6827FC6A9A003C646E /* nekuroUITests */ = {
			isa = PBXNativeTarget;
			buildConfigurationList = 5C2BCE7927FC6A9A003C646E /* Build configuration list for PBXNativeTarget "nekuroUITests" */;
			buildPhases = (
				5C2BCE6527FC6A9A003C646E /* Sources */,
				5C2BCE6627FC6A9A003C646E /* Frameworks */,
				5C2BCE6727FC6A9A003C646E /* Resources */,
			);
			buildRules = (
			);
			dependencies = (
				5C2BCE6B27FC6A9A003C646E /* PBXTargetDependency */,
			);
			name = nekuroUITests;
			productName = nekuroUITests;
			productReference = 5C2BCE6927FC6A9A003C646E /* nekuroUITests.xctest */;
			productType = "com.apple.product-type.bundle.ui-testing";
		};
/* End PBXNativeTarget section */

/* Begin PBXProject section */
		5C2BCE4727FC6A97003C646E /* Project object */ = {
			isa = PBXProject;
			attributes = {
				BuildIndependentTargetsInParallel = 1;
				LastSwiftUpdateCheck = 1330;
				LastUpgradeCheck = 1330;
				TargetAttributes = {
					5C2BCE4E27FC6A97003C646E = {
						CreatedOnToolsVersion = 13.3;
					};
					5C2BCE5E27FC6A9A003C646E = {
						CreatedOnToolsVersion = 13.3;
						TestTargetID = 5C2BCE4E27FC6A97003C646E;
					};
					5C2BCE6827FC6A9A003C646E = {
						CreatedOnToolsVersion = 13.3;
						TestTargetID = 5C2BCE4E27FC6A97003C646E;
					};
				};
			};
			buildConfigurationList = 5C2BCE4A27FC6A97003C646E /* Build configuration list for PBXProject "nekuro" */;
			compatibilityVersion = "Xcode 13.0";
			developmentRegion = en;
			hasScannedForEncodings = 0;
			knownRegions = (
				en,
				Base,
			);
			mainGroup = 5C2BCE4627FC6A97003C646E;
			productRefGroup = 5C2BCE5027FC6A97003C646E /* Products */;
			projectDirPath = "";
			projectRoot = "";
			targets = (
				5C2BCE4E27FC6A97003C646E /* nekuro */,
				5C2BCE5E27FC6A9A003C646E /* nekuroTests */,
				5C2BCE6827FC6A9A003C646E /* nekuroUITests */,
			);
		};
/* End PBXProject section */

/* Begin PBXResourcesBuildPhase section */
		5C2BCE4D27FC6A97003C646E /* Resources */ = {
			isa = PBXResourcesBuildPhase;
			buildActionMask = 2147483647;
			files = (
				5C2BCE5A27FC6A9A003C646E /* Preview Assets.xcassets in Resources */,
				5C2BCE5727FC6A9A003C646E /* Assets.xcassets in Resources */,
			);
			runOnlyForDeploymentPostprocessing = 0;
		};
		5C2BCE5D27FC6A9A003C646E /* Resources */ = {
			isa = PBXResourcesBuildPhase;
			buildActionMask = 2147483647;
			files = (
			);
			runOnlyForDeploymentPostprocessing = 0;
		};
		5C2BCE6727FC6A9A003C646E /* Resources */ = {
			isa = PBXResourcesBuildPhase;
			buildActionMask = 2147483647;
			files = (
			);
			runOnlyForDeploymentPostprocessing = 0;
		};
/* End PBXResourcesBuildPhase section */

/* Begin PBXSourcesBuildPhase section */
		5C2BCE4B27FC6A97003C646E /* Sources */ = {
			isa = PBXSourcesBuildPhase;
			buildActionMask = 2147483647;
			files = (
				5C2BCE5527FC6A97003C646E /* ContentView.swift in Sources */,
				5C2BCE5327FC6A97003C646E /* nekuroApp.swift in Sources */,
			);
			runOnlyForDeploymentPostprocessing = 0;
		};
		5C2BCE5B27FC6A9A003C646E /* Sources */ = {
			isa = PBXSourcesBuildPhase;
			buildActionMask = 2147483647;
			files = (
				5C2BCE6427FC6A9A003C646E /* nekuroTests.swift in Sources */,
			);
			runOnlyForDeploymentPostprocessing = 0;
		};
		5C2BCE6527FC6A9A003C646E /* Sources */ = {
			isa = PBXSourcesBuildPhase;
			buildActionMask = 2147483647;
			files = (
				5C2BCE7027FC6A9A003C646E /* nekuroUITestsLaunchTests.swift in Sources */,
				5C2BCE6E27FC6A9A003C646E /* nekuroUITests.swift in Sources */,
			);
			runOnlyForDeploymentPostprocessing = 0;
		};
/* End PBXSourcesBuildPhase section */

/* Begin PBXTargetDependency section */
		5C2BCE6127FC6A9A003C646E /* PBXTargetDependency */ = {
			isa = PBXTargetDependency;
			target = 5C2BCE4E27FC6A97003C646E /* nekuro */;
			targetProxy = 5C2BCE6027FC6A9A003C646E /* PBXContainerItemProxy */;
		};
		5C2BCE6B27FC6A9A003C646E /* PBXTargetDependency */ = {
			isa = PBXTargetDependency;
			target = 5C2BCE4E27FC6A97003C646E /* nekuro */;
			targetProxy = 5C2BCE6A27FC6A9A003C646E /* PBXContainerItemProxy */;
		};
/* End PBXTargetDependency section */

/* Begin XCBuildConfiguration section */
		5C2BCE7127FC6A9A003C646E /* Debug */ = {
			isa = XCBuildConfiguration;
			buildSettings = {
				ALWAYS_SEARCH_USER_PATHS = NO;
				CLANG_ANALYZER_NONNULL = YES;
				CLANG_ANALYZER_NUMBER_OBJECT_CONVERSION = YES_AGGRESSIVE;
				CLANG_CXX_LANGUAGE_STANDARD = "gnu++17";
				CLANG_ENABLE_MODULES = YES;
				CLANG_ENABLE_OBJC_ARC = YES;
				CLANG_ENABLE_OBJC_WEAK = YES;
				CLANG_WARN_BLOCK_CAPTURE_AUTORELEASING = YES;
				CLANG_WARN_BOOL_CONVERSION = YES;
				CLANG_WARN_COMMA = YES;
				CLANG_WARN_CONSTANT_CONVERSION = YES;
				CLANG_WARN_DEPRECATED_OBJC_IMPLEMENTATIONS = YES;
				CLANG_WARN_DIRECT_OBJC_ISA_USAGE = YES_ERROR;
				CLANG_WARN_DOCUMENTATION_COMMENTS = YES;
				CLANG_WARN_EMPTY_BODY = YES;
				CLANG_WARN_ENUM_CONVERSION = YES;
				CLANG_WARN_INFINITE_RECURSION = YES;
				CLANG_WARN_INT_CONVERSION = YES;
				CLANG_WARN_NON_LITERAL_NULL_CONVERSION = YES;
				CLANG_WARN_OBJC_IMPLICIT_RETAIN_SELF = YES;
				CLANG_WARN_OBJC_LITERAL_CONVERSION = YES;
				CLANG_WARN_OBJC_ROOT_CLASS = YES_ERROR;
				CLANG_WARN_QUOTED_INCLUDE_IN_FRAMEWORK_HEADER = YES;
				CLANG_WARN_RANGE_LOOP_ANALYSIS = YES;
				CLANG_WARN_STRICT_PROTOTYPES = YES;
				CLANG_WARN_SUSPICIOUS_MOVE = YES;
				CLANG_WARN_UNGUARDED_AVAILABILITY = YES_AGGRESSIVE;
				CLANG_WARN_UNREACHABLE_CODE = YES;
				CLANG_WARN__DUPLICATE_METHOD_MATCH = YES;
				COPY_PHASE_STRIP = NO;
				DEBUG_INFORMATION_FORMAT = dwarf;
				ENABLE_STRICT_OBJC_MSGSEND = YES;
				ENABLE_TESTABILITY = YES;
				GCC_C_LANGUAGE_STANDARD = gnu11;
				GCC_DYNAMIC_NO_PIC = NO;
				GCC_NO_COMMON_BLOCKS = YES;
				GCC_OPTIMIZATION_LEVEL = 0;
				GCC_PREPROCESSOR_DEFINITIONS = (
					"DEBUG=1",
					"$(inherited)",
				);
				GCC_WARN_64_TO_32_BIT_CONVERSION = YES;
				GCC_WARN_ABOUT_RETURN_TYPE = YES_ERROR;
				GCC_WARN_UNDECLARED_SELECTOR = YES;
				GCC_WARN_UNINITIALIZED_AUTOS = YES_AGGRESSIVE;
				GCC_WARN_UNUSED_FUNCTION = YES;
				GCC_WARN_UNUSED_VARIABLE = YES;
				IPHONEOS_DEPLOYMENT_TARGET = 15.4;
				MTL_ENABLE_DEBUG_INFO = INCLUDE_SOURCE;
				MTL_FAST_MATH = YES;
				ONLY_ACTIVE_ARCH = YES;
				SDKROOT = iphoneos;
				SWIFT_ACTIVE_COMPILATION_CONDITIONS = DEBUG;
				SWIFT_OPTIMIZATION_LEVEL = "-Onone";
			};
			name = Debug;
		};
		5C2BCE7227FC6A9A003C646E /* Release */ = {
			isa = XCBuildConfiguration;
			buildSettings = {
				ALWAYS_SEARCH_USER_PATHS = NO;
				CLANG_ANALYZER_NONNULL = YES;
				CLANG_ANALYZER_NUMBER_OBJECT_CONVERSION = YES_AGGRESSIVE;
				CLANG_CXX_LANGUAGE_STANDARD = "gnu++17";
				CLANG_ENABLE_MODULES = YES;
				CLANG_ENABLE_OBJC_ARC = YES;
				CLANG_ENABLE_OBJC_WEAK = YES;
				CLANG_WARN_BLOCK_CAPTURE_AUTORELEASING = YES;
				CLANG_WARN_BOOL_CONVERSION = YES;
				CLANG_WARN_COMMA = YES;
				CLANG_WARN_CONSTANT_CONVERSION = YES;
				CLANG_WARN_DEPRECATED_OBJC_IMPLEMENTATIONS = YES;
				CLANG_WARN_DIRECT_OBJC_ISA_USAGE = YES_ERROR;
				CLANG_WARN_DOCUMENTATION_COMMENTS = YES;
				CLANG_WARN_EMPTY_BODY = YES;
				CLANG_WARN_ENUM_CONVERSION = YES;
				CLANG_WARN_INFINITE_RECURSION = YES;
				CLANG_WARN_INT_CONVERSION = YES;
				CLANG_WARN_NON_LITERAL_NULL_CONVERSION = YES;
				CLANG_WARN_OBJC_IMPLICIT_RETAIN_SELF = YES;
				CLANG_WARN_OBJC_LITERAL_CONVERSION = YES;
				CLANG_WARN_OBJC_ROOT_CLASS = YES_ERROR;
				CLANG_WARN_QUOTED_INCLUDE_IN_FRAMEWORK_HEADER = YES;
				CLANG_WARN_RANGE_LOOP_ANALYSIS = YES;
				CLANG_WARN_STRICT_PROTOTYPES = YES;
				CLANG_WARN_SUSPICIOUS_MOVE = YES;
				CLANG_WARN_UNGUARDED_AVAILABILITY = YES_AGGRESSIVE;
				CLANG_WARN_UNREACHABLE_CODE = YES;
				CLANG_WARN__DUPLICATE_METHOD_MATCH = YES;
				COPY_PHASE_STRIP = NO;
				DEBUG_INFORMATION_FORMAT = "dwarf-with-dsym";
				ENABLE_NS_ASSERTIONS = NO;
				ENABLE_STRICT_OBJC_MSGSEND = YES;
				GCC_C_LANGUAGE_STANDARD = gnu11;
				GCC_NO_COMMON_BLOCKS = YES;
				GCC_WARN_64_TO_32_BIT_CONVERSION = YES;
				GCC_WARN_ABOUT_RETURN_TYPE = YES_ERROR;
				GCC_WARN_UNDECLARED_SELECTOR = YES;
				GCC_WARN_UNINITIALIZED_AUTOS = YES_AGGRESSIVE;
				GCC_WARN_UNUSED_FUNCTION = YES;
				GCC_WARN_UNUSED_VARIABLE = YES;
				IPHONEOS_DEPLOYMENT_TARGET = 15.4;
				MTL_ENABLE_DEBUG_INFO = NO;
				MTL_FAST_MATH = YES;
				SDKROOT = iphoneos;
				SWIFT_COMPILATION_MODE = wholemodule;
				SWIFT_OPTIMIZATION_LEVEL = "-O";
				VALIDATE_PRODUCT = YES;
			};
			name = Release;
		};
		5C2BCE7427FC6A9A003C646E /* Debug */ = {
			isa = XCBuildConfiguration;
			buildSettings = {
				ASSETCATALOG_COMPILER_APPICON_NAME = AppIcon;
				ASSETCATALOG_COMPILER_GLOBAL_ACCENT_COLOR_NAME = AccentColor;
				CODE_SIGN_STYLE = Automatic;
				CURRENT_PROJECT_VERSION = 1;
				DEVELOPMENT_ASSET_PATHS = "\"nekuro/Preview Content\"";
				DEVELOPMENT_TEAM = 8SARQFUQQA;
				ENABLE_PREVIEWS = YES;
				GENERATE_INFOPLIST_FILE = YES;
				INFOPLIST_KEY_UIApplicationSceneManifest_Generation = YES;
				INFOPLIST_KEY_UIApplicationSupportsIndirectInputEvents = YES;
				INFOPLIST_KEY_UILaunchScreen_Generation = YES;
				INFOPLIST_KEY_UISupportedInterfaceOrientations_iPad = "UIInterfaceOrientationPortrait UIInterfaceOrientationPortraitUpsideDown UIInterfaceOrientationLandscapeLeft UIInterfaceOrientationLandscapeRight";
				INFOPLIST_KEY_UISupportedInterfaceOrientations_iPhone = "UIInterfaceOrientationPortrait UIInterfaceOrientationLandscapeLeft UIInterfaceOrientationLandscapeRight";
				LD_RUNPATH_SEARCH_PATHS = (
					"$(inherited)",
					"@executable_path/Frameworks",
				);
				MARKETING_VERSION = 1.0;
				PRODUCT_BUNDLE_IDENTIFIER = taisei.nekuro;
				PRODUCT_NAME = "$(TARGET_NAME)";
				SWIFT_EMIT_LOC_STRINGS = YES;
				SWIFT_VERSION = 5.0;
				TARGETED_DEVICE_FAMILY = "1,2";
			};
			name = Debug;
		};
		5C2BCE7527FC6A9A003C646E /* Release */ = {
			isa = XCBuildConfiguration;
			buildSettings = {
				ASSETCATALOG_COMPILER_APPICON_NAME = AppIcon;
				ASSETCATALOG_COMPILER_GLOBAL_ACCENT_COLOR_NAME = AccentColor;
				CODE_SIGN_STYLE = Automatic;
				CURRENT_PROJECT_VERSION = 1;
				DEVELOPMENT_ASSET_PATHS = "\"nekuro/Preview Content\"";
				DEVELOPMENT_TEAM = 8SARQFUQQA;
				ENABLE_PREVIEWS = YES;
				GENERATE_INFOPLIST_FILE = YES;
				INFOPLIST_KEY_UIApplicationSceneManifest_Generation = YES;
				INFOPLIST_KEY_UIApplicationSupportsIndirectInputEvents = YES;
				INFOPLIST_KEY_UILaunchScreen_Generation = YES;
				INFOPLIST_KEY_UISupportedInterfaceOrientations_iPad = "UIInterfaceOrientationPortrait UIInterfaceOrientationPortraitUpsideDown UIInterfaceOrientationLandscapeLeft UIInterfaceOrientationLandscapeRight";
				INFOPLIST_KEY_UISupportedInterfaceOrientations_iPhone = "UIInterfaceOrientationPortrait UIInterfaceOrientationLandscapeLeft UIInterfaceOrientationLandscapeRight";
				LD_RUNPATH_SEARCH_PATHS = (
					"$(inherited)",
					"@executable_path/Frameworks",
				);
				MARKETING_VERSION = 1.0;
				PRODUCT_BUNDLE_IDENTIFIER = taisei.nekuro;
				PRODUCT_NAME = "$(TARGET_NAME)";
				SWIFT_EMIT_LOC_STRINGS = YES;
				SWIFT_VERSION = 5.0;
				TARGETED_DEVICE_FAMILY = "1,2";
			};
			name = Release;
		};
		5C2BCE7727FC6A9A003C646E /* Debug */ = {
			isa = XCBuildConfiguration;
			buildSettings = {
				ALWAYS_EMBED_SWIFT_STANDARD_LIBRARIES = YES;
				BUNDLE_LOADER = "$(TEST_HOST)";
				CODE_SIGN_STYLE = Automatic;
				CURRENT_PROJECT_VERSION = 1;
				DEVELOPMENT_TEAM = 8SARQFUQQA;
				GENERATE_INFOPLIST_FILE = YES;
				IPHONEOS_DEPLOYMENT_TARGET = 15.4;
				MARKETING_VERSION = 1.0;
				PRODUCT_BUNDLE_IDENTIFIER = taisei.nekuroTests;
				PRODUCT_NAME = "$(TARGET_NAME)";
				SWIFT_EMIT_LOC_STRINGS = NO;
				SWIFT_VERSION = 5.0;
				TARGETED_DEVICE_FAMILY = "1,2";
				TEST_HOST = "$(BUILT_PRODUCTS_DIR)/nekuro.app/nekuro";
			};
			name = Debug;
		};
		5C2BCE7827FC6A9A003C646E /* Release */ = {
			isa = XCBuildConfiguration;
			buildSettings = {
				ALWAYS_EMBED_SWIFT_STANDARD_LIBRARIES = YES;
				BUNDLE_LOADER = "$(TEST_HOST)";
				CODE_SIGN_STYLE = Automatic;
				CURRENT_PROJECT_VERSION = 1;
				DEVELOPMENT_TEAM = 8SARQFUQQA;
				GENERATE_INFOPLIST_FILE = YES;
				IPHONEOS_DEPLOYMENT_TARGET = 15.4;
				MARKETING_VERSION = 1.0;
				PRODUCT_BUNDLE_IDENTIFIER = taisei.nekuroTests;
				PRODUCT_NAME = "$(TARGET_NAME)";
				SWIFT_EMIT_LOC_STRINGS = NO;
				SWIFT_VERSION = 5.0;
				TARGETED_DEVICE_FAMILY = "1,2";
				TEST_HOST = "$(BUILT_PRODUCTS_DIR)/nekuro.app/nekuro";
			};
			name = Release;
		};
		5C2BCE7A27FC6A9A003C646E /* Debug */ = {
			isa = XCBuildConfiguration;
			buildSettings = {
				ALWAYS_EMBED_SWIFT_STANDARD_LIBRARIES = YES;
				CODE_SIGN_STYLE = Automatic;
				CURRENT_PROJECT_VERSION = 1;
				DEVELOPMENT_TEAM = 8SARQFUQQA;
				GENERATE_INFOPLIST_FILE = YES;
				MARKETING_VERSION = 1.0;
				PRODUCT_BUNDLE_IDENTIFIER = taisei.nekuroUITests;
				PRODUCT_NAME = "$(TARGET_NAME)";
				SWIFT_EMIT_LOC_STRINGS = NO;
				SWIFT_VERSION = 5.0;
				TARGETED_DEVICE_FAMILY = "1,2";
				TEST_TARGET_NAME = nekuro;
			};
			name = Debug;
		};
		5C2BCE7B27FC6A9A003C646E /* Release */ = {
			isa = XCBuildConfiguration;
			buildSettings = {
				ALWAYS_EMBED_SWIFT_STANDARD_LIBRARIES = YES;
				CODE_SIGN_STYLE = Automatic;
				CURRENT_PROJECT_VERSION = 1;
				DEVELOPMENT_TEAM = 8SARQFUQQA;
				GENERATE_INFOPLIST_FILE = YES;
				MARKETING_VERSION = 1.0;
				PRODUCT_BUNDLE_IDENTIFIER = taisei.nekuroUITests;
				PRODUCT_NAME = "$(TARGET_NAME)";
				SWIFT_EMIT_LOC_STRINGS = NO;
				SWIFT_VERSION = 5.0;
				TARGETED_DEVICE_FAMILY = "1,2";
				TEST_TARGET_NAME = nekuro;
			};
			name = Release;
		};
/* End XCBuildConfiguration section */

/* Begin XCConfigurationList section */
		5C2BCE4A27FC6A97003C646E /* Build configuration list for PBXProject "nekuro" */ = {
			isa = XCConfigurationList;
			buildConfigurations = (
				5C2BCE7127FC6A9A003C646E /* Debug */,
				5C2BCE7227FC6A9A003C646E /* Release */,
			);
			defaultConfigurationIsVisible = 0;
			defaultConfigurationName = Release;
		};
		5C2BCE7327FC6A9A003C646E /* Build configuration list for PBXNativeTarget "nekuro" */ = {
			isa = XCConfigurationList;
			buildConfigurations = (
				5C2BCE7427FC6A9A003C646E /* Debug */,
				5C2BCE7527FC6A9A003C646E /* Release */,
			);
			defaultConfigurationIsVisible = 0;
			defaultConfigurationName = Release;
		};
		5C2BCE7627FC6A9A003C646E /* Build configuration list for PBXNativeTarget "nekuroTests" */ = {
			isa = XCConfigurationList;
			buildConfigurations = (
				5C2BCE7727FC6A9A003C646E /* Debug */,
				5C2BCE7827FC6A9A003C646E /* Release */,
			);
			defaultConfigurationIsVisible = 0;
			defaultConfigurationName = Release;
		};
		5C2BCE7927FC6A9A003C646E /* Build configuration list for PBXNativeTarget "nekuroUITests" */ = {
			isa = XCConfigurationList;
			buildConfigurations = (
				5C2BCE7A27FC6A9A003C646E /* Debug */,
				5C2BCE7B27FC6A9A003C646E /* Release */,
			);
			defaultConfigurationIsVisible = 0;
			defaultConfigurationName = Release;
		};
/* End XCConfigurationList section */
	};
	rootObject = 5C2BCE4727FC6A97003C646E /* Project object */;
}
